schema: '2.0'
stages:
  prepare:
    cmd: python3 src/prepare.py data/raw data/prepared
    deps:
    - path: data/raw
      hash: md5
      md5: 6d8f0c274829764e1ea1112420825014.dir
      size: 8822930
      nfiles: 1605
    - path: src/prepare.py
      hash: md5
      md5: 3a7bc5e64725e3a6f3257ee9720944ae
      size: 2540
    - path: src/utils/seed.py
      hash: md5
      md5: 963a551c177450f50e4f11bd1a9ab2c7
      size: 437
    params:
      params.yaml:
        prepare:
          seed: 77
          split: 0.2
          image_size:
          - 32
          - 32
          grayscale: true
    outs:
    - path: data/prepared
      hash: md5
      md5: ba0efb8767ebfded17d404cd37c25ddd.dir
      size: 6618644
      nfiles: 8
  train:
    cmd: python3 src/train.py data/prepared model
    deps:
    - path: data/prepared
      hash: md5
      md5: ba0efb8767ebfded17d404cd37c25ddd.dir
      size: 6618644
      nfiles: 8
    - path: src/train.py
      hash: md5
      md5: b0049e20b3cae364999e3b472af4dd82
      size: 2528
    - path: src/utils/seed.py
      hash: md5
      md5: 963a551c177450f50e4f11bd1a9ab2c7
      size: 437
    params:
      params.yaml:
        train:
          seed: 77
          lr: 0.001
          epochs: 10
          conv_size: 64
          dense_size: 128
          output_classes: 11
    outs:
    - path: model
      hash: md5
      md5: 1360576978f73264c3fe7147a7097baa.dir
      size: 9986647
      nfiles: 6
  evaluate:
    cmd: python3 src/evaluate.py model data/prepared
    deps:
    - path: model
      hash: md5
      md5: 1360576978f73264c3fe7147a7097baa.dir
      size: 9986647
      nfiles: 6
    - path: src/evaluate.py
      hash: md5
      md5: 669cfed3e68ac240c7e8a1bf168116af
      size: 5142
    outs:
    - path: evaluation/metrics.json
      hash: md5
      md5: c3f787688f962dfc7af41f7167db425c
      size: 64
    - path: evaluation/plots/confusion_matrix.png
      hash: md5
      md5: c6ec28bd619ee00b26d3c84296d48b1d
      size: 48102
    - path: evaluation/plots/pred_preview.png
      hash: md5
      md5: ace0022450858997306801055a37a3f7
      size: 41692
    - path: evaluation/plots/training_history.png
      hash: md5
      md5: d1b84ccb723a42d323a4a219b766bfd5
      size: 38651
